
Microsoft Visual Studio Solution File, Format Version 12.00
# Visual Studio Version 18
VisualStudioVersion = 18.0.11222.15 d18.0
MinimumVisualStudioVersion = 10.0.40219.1
Project("{8BC9CEB8-8B4A-11D0-8D11-00A0C91BC942}") = "tenpmnight_main", "tenpmnight_main\tenpmnight_main.vcxproj", "{8BF92AA5-A13E-4575-B945-A683C2FED404}"
EndProject
Project("{2150E333-8FDC-42A3-9474-1A3956D46DE8}") = "Solution Items", "Solution Items", "{8BAEDEE9-157A-4FF8-A359-F0172634B5DD}"
	ProjectSection(SolutionItems) = preProject
		.gitignore = .gitignore
	EndProjectSection
EndProject
Global
	GlobalSection(SolutionConfigurationPlatforms) = preSolution
		Debug|x64 = Debug|x64
		Debug|x86 = Debug|x86
		Release|x64 = Release|x64
		Release|x86 = Release|x86
	EndGlobalSection
	GlobalSection(ProjectConfigurationPlatforms) = postSolution
		{8BF92AA5-A13E-4575-B945-A683C2FED404}.Debug|x64.ActiveCfg = Debug|x64
		{8BF92AA5-A13E-4575-B945-A683C2FED404}.Debug|x64.Build.0 = Debug|x64
		{8BF92AA5-A13E-4575-B945-A683C2FED404}.Debug|x86.ActiveCfg = Debug|Win32
		{8BF92AA5-A13E-4575-B945-A683C2FED404}.Debug|x86.Build.0 = Debug|Win32
		{8BF92AA5-A13E-4575-B945-A683C2FED404}.Release|x64.ActiveCfg = Release|x64
		{8BF92AA5-A13E-4575-B945-A683C2FED404}.Release|x64.Build.0 = Release|x64
		{8BF92AA5-A13E-4575-B945-A683C2FED404}.Release|x86.ActiveCfg = Release|Win32
		{8BF92AA5-A13E-4575-B945-A683C2FED404}.Release|x86.Build.0 = Release|Win32
	EndGlobalSection
	GlobalSection(SolutionProperties) = preSolution
		HideSolutionNode = FALSE
	EndGlobalSection
	GlobalSection(ExtensibilityGlobals) = postSolution
		SolutionGuid = {0079CC52-9FEB-43AF-A47E-565649C50076}
	EndGlobalSection
EndGlobal
